// !$*UTF8*$!
{
	archiveVersion = 1;
	classes = {
	};
	objectVersion = 46;
	objects = {

/* Begin PBXBuildFile section */
		1B6D88111F6E35F50010172F /* AppDelegate.swift in Sources */ = {isa = PBXBuildFile; fileRef = 1B6D88101F6E35F50010172F /* AppDelegate.swift */; };
		1B6D88131F6E35F50010172F /* ViewController.swift in Sources */ = {isa = PBXBuildFile; fileRef = 1B6D88121F6E35F50010172F /* ViewController.swift */; };
		1B6D88161F6E35F50010172F /* Main.storyboard in Resources */ = {isa = PBXBuildFile; fileRef = 1B6D88141F6E35F50010172F /* Main.storyboard */; };
		1B6D88181F6E35F50010172F /* Assets.xcassets in Resources */ = {isa = PBXBuildFile; fileRef = 1B6D88171F6E35F50010172F /* Assets.xcassets */; };
		1B6D881B1F6E35F50010172F /* LaunchScreen.storyboard in Resources */ = {isa = PBXBuildFile; fileRef = 1B6D88191F6E35F50010172F /* LaunchScreen.storyboard */; };
		1B6D88201F6E35F50010172F /* SingleHandWatch2 WatchKit App.app in Embed Watch Content */ = {isa = PBXBuildFile; fileRef = 1B6D881F1F6E35F50010172F /* SingleHandWatch2 WatchKit App.app */; };
		1B6D88261F6E35F50010172F /* Interface.storyboard in Resources */ = {isa = PBXBuildFile; fileRef = 1B6D88241F6E35F50010172F /* Interface.storyboard */; };
		1B6D88281F6E35F50010172F /* Assets.xcassets in Resources */ = {isa = PBXBuildFile; fileRef = 1B6D88271F6E35F50010172F /* Assets.xcassets */; };
		1B6D882F1F6E35F50010172F /* SingleHandWatch2 WatchKit Extension.appex in Embed App Extensions */ = {isa = PBXBuildFile; fileRef = 1B6D882E1F6E35F50010172F /* SingleHandWatch2 WatchKit Extension.appex */; settings = {ATTRIBUTES = (RemoveHeadersOnCopy, ); }; };
		1B6D88341F6E35F50010172F /* InterfaceController.swift in Sources */ = {isa = PBXBuildFile; fileRef = 1B6D88331F6E35F50010172F /* InterfaceController.swift */; };
		1B6D88361F6E35F50010172F /* ExtensionDelegate.swift in Sources */ = {isa = PBXBuildFile; fileRef = 1B6D88351F6E35F50010172F /* ExtensionDelegate.swift */; };
		1B6D88381F6E35F50010172F /* Assets.xcassets in Resources */ = {isa = PBXBuildFile; fileRef = 1B6D88371F6E35F50010172F /* Assets.xcassets */; };
		1B6D88481F6ED0550010172F /* ClockLibrary.swift in Sources */ = {isa = PBXBuildFile; fileRef = 1B6D88471F6ED0550010172F /* ClockLibrary.swift */; };
/* End PBXBuildFile section */

/* Begin PBXContainerItemProxy section */
		1B6D88211F6E35F50010172F /* PBXContainerItemProxy */ = {
			isa = PBXContainerItemProxy;
			containerPortal = 1B6D88051F6E35F40010172F /* Project object */;
			proxyType = 1;
			remoteGlobalIDString = 1B6D881E1F6E35F50010172F;
			remoteInfo = "SingleHandWatch2 WatchKit App";
		};
		1B6D88301F6E35F50010172F /* PBXContainerItemProxy */ = {
			isa = PBXContainerItemProxy;
			containerPortal = 1B6D88051F6E35F40010172F /* Project object */;
			proxyType = 1;
			remoteGlobalIDString = 1B6D882D1F6E35F50010172F;
			remoteInfo = "SingleHandWatch2 WatchKit Extension";
		};
/* End PBXContainerItemProxy section */

/* Begin PBXCopyFilesBuildPhase section */
		1B6D883F1F6E35F50010172F /* Embed App Extensions */ = {
			isa = PBXCopyFilesBuildPhase;
			buildActionMask = 2147483647;
			dstPath = "";
			dstSubfolderSpec = 13;
			files = (
				1B6D882F1F6E35F50010172F /* SingleHandWatch2 WatchKit Extension.appex in Embed App Extensions */,
			);
			name = "Embed App Extensions";
			runOnlyForDeploymentPostprocessing = 0;
		};
		1B6D88431F6E35F50010172F /* Embed Watch Content */ = {
			isa = PBXCopyFilesBuildPhase;
			buildActionMask = 2147483647;
			dstPath = "$(CONTENTS_FOLDER_PATH)/Watch";
			dstSubfolderSpec = 16;
			files = (
				1B6D88201F6E35F50010172F /* SingleHandWatch2 WatchKit App.app in Embed Watch Content */,
			);
			name = "Embed Watch Content";
			runOnlyForDeploymentPostprocessing = 0;
		};
/* End PBXCopyFilesBuildPhase section */

/* Begin PBXFileReference section */
		1B6D880D1F6E35F50010172F /* SingleHandWatch2.app */ = {isa = PBXFileReference; explicitFileType = wrapper.application; includeInIndex = 0; path = SingleHandWatch2.app; sourceTree = BUILT_PRODUCTS_DIR; };
		1B6D88101F6E35F50010172F /* AppDelegate.swift */ = {isa = PBXFileReference; lastKnownFileType = sourcecode.swift; path = AppDelegate.swift; sourceTree = "<group>"; };
		1B6D88121F6E35F50010172F /* ViewController.swift */ = {isa = PBXFileReference; lastKnownFileType = sourcecode.swift; path = ViewController.swift; sourceTree = "<group>"; };
		1B6D88151F6E35F50010172F /* Base */ = {isa = PBXFileReference; lastKnownFileType = file.storyboard; name = Base; path = Base.lproj/Main.storyboard; sourceTree = "<group>"; };
		1B6D88171F6E35F50010172F /* Assets.xcassets */ = {isa = PBXFileReference; lastKnownFileType = folder.assetcatalog; path = Assets.xcassets; sourceTree = "<group>"; };
		1B6D881A1F6E35F50010172F /* Base */ = {isa = PBXFileReference; lastKnownFileType = file.storyboard; name = Base; path = Base.lproj/LaunchScreen.storyboard; sourceTree = "<group>"; };
		1B6D881C1F6E35F50010172F /* Info.plist */ = {isa = PBXFileReference; lastKnownFileType = text.plist.xml; path = Info.plist; sourceTree = "<group>"; };
		1B6D881F1F6E35F50010172F /* SingleHandWatch2 WatchKit App.app */ = {isa = PBXFileReference; explicitFileType = wrapper.application; includeInIndex = 0; path = "SingleHandWatch2 WatchKit App.app"; sourceTree = BUILT_PRODUCTS_DIR; };
		1B6D88251F6E35F50010172F /* Base */ = {isa = PBXFileReference; lastKnownFileType = file.storyboard; name = Base; path = Base.lproj/Interface.storyboard; sourceTree = "<group>"; };
		1B6D88271F6E35F50010172F /* Assets.xcassets */ = {isa = PBXFileReference; lastKnownFileType = folder.assetcatalog; path = Assets.xcassets; sourceTree = "<group>"; };
		1B6D88291F6E35F50010172F /* Info.plist */ = {isa = PBXFileReference; lastKnownFileType = text.plist.xml; path = Info.plist; sourceTree = "<group>"; };
		1B6D882E1F6E35F50010172F /* SingleHandWatch2 WatchKit Extension.appex */ = {isa = PBXFileReference; explicitFileType = "wrapper.app-extension"; includeInIndex = 0; path = "SingleHandWatch2 WatchKit Extension.appex"; sourceTree = BUILT_PRODUCTS_DIR; };
		1B6D88331F6E35F50010172F /* InterfaceController.swift */ = {isa = PBXFileReference; lastKnownFileType = sourcecode.swift; path = InterfaceController.swift; sourceTree = "<group>"; };
		1B6D88351F6E35F50010172F /* ExtensionDelegate.swift */ = {isa = PBXFileReference; lastKnownFileType = sourcecode.swift; path = ExtensionDelegate.swift; sourceTree = "<group>"; };
		1B6D88371F6E35F50010172F /* Assets.xcassets */ = {isa = PBXFileReference; lastKnownFileType = folder.assetcatalog; path = Assets.xcassets; sourceTree = "<group>"; };
		1B6D88391F6E35F50010172F /* Info.plist */ = {isa = PBXFileReference; lastKnownFileType = text.plist.xml; path = Info.plist; sourceTree = "<group>"; };
		1B6D88471F6ED0550010172F /* ClockLibrary.swift */ = {isa = PBXFileReference; fileEncoding = 4; lastKnownFileType = sourcecode.swift; path = ClockLibrary.swift; sourceTree = "<group>"; };
/* End PBXFileReference section */

/* Begin PBXFrameworksBuildPhase section */
		1B6D880A1F6E35F50010172F /* Frameworks */ = {
			isa = PBXFrameworksBuildPhase;
			buildActionMask = 2147483647;
			files = (
			);
			runOnlyForDeploymentPostprocessing = 0;
		};
		1B6D882B1F6E35F50010172F /* Frameworks */ = {
			isa = PBXFrameworksBuildPhase;
			buildActionMask = 2147483647;
			files = (
			);
			runOnlyForDeploymentPostprocessing = 0;
		};
/* End PBXFrameworksBuildPhase section */

/* Begin PBXGroup section */
		1B6D88041F6E35F40010172F = {
			isa = PBXGroup;
			children = (
				1B6D880F1F6E35F50010172F /* SingleHandWatch2 */,
				1B6D88231F6E35F50010172F /* SingleHandWatch2 WatchKit App */,
				1B6D88321F6E35F50010172F /* SingleHandWatch2 WatchKit Extension */,
				1B6D880E1F6E35F50010172F /* Products */,
			);
			sourceTree = "<group>";
		};
		1B6D880E1F6E35F50010172F /* Products */ = {
			isa = PBXGroup;
			children = (
				1B6D880D1F6E35F50010172F /* SingleHandWatch2.app */,
				1B6D881F1F6E35F50010172F /* SingleHandWatch2 WatchKit App.app */,
				1B6D882E1F6E35F50010172F /* SingleHandWatch2 WatchKit Extension.appex */,
			);
			name = Products;
			sourceTree = "<group>";
		};
		1B6D880F1F6E35F50010172F /* SingleHandWatch2 */ = {
			isa = PBXGroup;
			children = (
				1B6D88101F6E35F50010172F /* AppDelegate.swift */,
				1B6D88121F6E35F50010172F /* ViewController.swift */,
				1B6D88141F6E35F50010172F /* Main.storyboard */,
				1B6D88171F6E35F50010172F /* Assets.xcassets */,
				1B6D88191F6E35F50010172F /* LaunchScreen.storyboard */,
				1B6D881C1F6E35F50010172F /* Info.plist */,
			);
			path = SingleHandWatch2;
			sourceTree = "<group>";
		};
		1B6D88231F6E35F50010172F /* SingleHandWatch2 WatchKit App */ = {
			isa = PBXGroup;
			children = (
				1B6D88241F6E35F50010172F /* Interface.storyboard */,
				1B6D88271F6E35F50010172F /* Assets.xcassets */,
				1B6D88291F6E35F50010172F /* Info.plist */,
			);
			path = "SingleHandWatch2 WatchKit App";
			sourceTree = "<group>";
		};
		1B6D88321F6E35F50010172F /* SingleHandWatch2 WatchKit Extension */ = {
			isa = PBXGroup;
			children = (
				1B6D88331F6E35F50010172F /* InterfaceController.swift */,
				1B6D88351F6E35F50010172F /* ExtensionDelegate.swift */,
				1B6D88371F6E35F50010172F /* Assets.xcassets */,
				1B6D88391F6E35F50010172F /* Info.plist */,
				1B6D88471F6ED0550010172F /* ClockLibrary.swift */,
			);
			path = "SingleHandWatch2 WatchKit Extension";
			sourceTree = "<group>";
		};
/* End PBXGroup section */

/* Begin PBXNativeTarget section */
		1B6D880C1F6E35F50010172F /* SingleHandWatch2 */ = {
			isa = PBXNativeTarget;
			buildConfigurationList = 1B6D88441F6E35F50010172F /* Build configuration list for PBXNativeTarget "SingleHandWatch2" */;
			buildPhases = (
				1B6D88091F6E35F50010172F /* Sources */,
				1B6D880A1F6E35F50010172F /* Frameworks */,
				1B6D880B1F6E35F50010172F /* Resources */,
				1B6D88431F6E35F50010172F /* Embed Watch Content */,
			);
			buildRules = (
			);
			dependencies = (
				1B6D88221F6E35F50010172F /* PBXTargetDependency */,
			);
			name = SingleHandWatch2;
			productName = SingleHandWatch2;
			productReference = 1B6D880D1F6E35F50010172F /* SingleHandWatch2.app */;
			productType = "com.apple.product-type.application";
		};
		1B6D881E1F6E35F50010172F /* SingleHandWatch2 WatchKit App */ = {
			isa = PBXNativeTarget;
			buildConfigurationList = 1B6D88401F6E35F50010172F /* Build configuration list for PBXNativeTarget "SingleHandWatch2 WatchKit App" */;
			buildPhases = (
				1B6D881D1F6E35F50010172F /* Resources */,
				1B6D883F1F6E35F50010172F /* Embed App Extensions */,
			);
			buildRules = (
			);
			dependencies = (
				1B6D88311F6E35F50010172F /* PBXTargetDependency */,
			);
			name = "SingleHandWatch2 WatchKit App";
			productName = "SingleHandWatch2 WatchKit App";
			productReference = 1B6D881F1F6E35F50010172F /* SingleHandWatch2 WatchKit App.app */;
			productType = "com.apple.product-type.application.watchapp2";
		};
		1B6D882D1F6E35F50010172F /* SingleHandWatch2 WatchKit Extension */ = {
			isa = PBXNativeTarget;
			buildConfigurationList = 1B6D883C1F6E35F50010172F /* Build configuration list for PBXNativeTarget "SingleHandWatch2 WatchKit Extension" */;
			buildPhases = (
				1B6D882A1F6E35F50010172F /* Sources */,
				1B6D882B1F6E35F50010172F /* Frameworks */,
				1B6D882C1F6E35F50010172F /* Resources */,
			);
			buildRules = (
			);
			dependencies = (
			);
			name = "SingleHandWatch2 WatchKit Extension";
			productName = "SingleHandWatch2 WatchKit Extension";
			productReference = 1B6D882E1F6E35F50010172F /* SingleHandWatch2 WatchKit Extension.appex */;
			productType = "com.apple.product-type.watchkit2-extension";
		};
/* End PBXNativeTarget section */

/* Begin PBXProject section */
		1B6D88051F6E35F40010172F /* Project object */ = {
			isa = PBXProject;
			attributes = {
				LastSwiftUpdateCheck = 0830;
				LastUpgradeCheck = 0830;
				ORGANIZATIONNAME = "Mihail Milev";
				TargetAttributes = {
					1B6D880C1F6E35F50010172F = {
						CreatedOnToolsVersion = 8.3.3;
						DevelopmentTeam = YN9MYSEUK6;
						ProvisioningStyle = Automatic;
					};
					1B6D881E1F6E35F50010172F = {
						CreatedOnToolsVersion = 8.3.3;
						DevelopmentTeam = YN9MYSEUK6;
						ProvisioningStyle = Automatic;
					};
					1B6D882D1F6E35F50010172F = {
						CreatedOnToolsVersion = 8.3.3;
						DevelopmentTeam = YN9MYSEUK6;
						ProvisioningStyle = Automatic;
					};
				};
			};
			buildConfigurationList = 1B6D88081F6E35F40010172F /* Build configuration list for PBXProject "SingleHandWatch2" */;
			compatibilityVersion = "Xcode 3.2";
			developmentRegion = English;
			hasScannedForEncodings = 0;
			knownRegions = (
				en,
				Base,
			);
			mainGroup = 1B6D88041F6E35F40010172F;
			productRefGroup = 1B6D880E1F6E35F50010172F /* Products */;
			projectDirPath = "";
			projectRoot = "";
			targets = (
				1B6D880C1F6E35F50010172F /* SingleHandWatch2 */,
				1B6D881E1F6E35F50010172F /* SingleHandWatch2 WatchKit App */,
				1B6D882D1F6E35F50010172F /* SingleHandWatch2 WatchKit Extension */,
			);
		};
/* End PBXProject section */

/* Begin PBXResourcesBuildPhase section */
		1B6D880B1F6E35F50010172F /* Resources */ = {
			isa = PBXResourcesBuildPhase;
			buildActionMask = 2147483647;
			files = (
				1B6D881B1F6E35F50010172F /* LaunchScreen.storyboard in Resources */,
				1B6D88181F6E35F50010172F /* Assets.xcassets in Resources */,
				1B6D88161F6E35F50010172F /* Main.storyboard in Resources */,
			);
			runOnlyForDeploymentPostprocessing = 0;
		};
		1B6D881D1F6E35F50010172F /* Resources */ = {
			isa = PBXResourcesBuildPhase;
			buildActionMask = 2147483647;
			files = (
				1B6D88281F6E35F50010172F /* Assets.xcassets in Resources */,
				1B6D88261F6E35F50010172F /* Interface.storyboard in Resources */,
			);
			runOnlyForDeploymentPostprocessing = 0;
		};
		1B6D882C1F6E35F50010172F /* Resources */ = {
			isa = PBXResourcesBuildPhase;
			buildActionMask = 2147483647;
			files = (
				1B6D88381F6E35F50010172F /* Assets.xcassets in Resources */,
			);
			runOnlyForDeploymentPostprocessing = 0;
		};
/* End PBXResourcesBuildPhase section */

/* Begin PBXSourcesBuildPhase section */
		1B6D88091F6E35F50010172F /* Sources */ = {
			isa = PBXSourcesBuildPhase;
			buildActionMask = 2147483647;
			files = (
				1B6D88131F6E35F50010172F /* ViewController.swift in Sources */,
				1B6D88111F6E35F50010172F /* AppDelegate.swift in Sources */,
			);
			runOnlyForDeploymentPostprocessing = 0;
		};
		1B6D882A1F6E35F50010172F /* Sources */ = {
			isa = PBXSourcesBuildPhase;
			buildActionMask = 2147483647;
			files = (
				1B6D88361F6E35F50010172F /* ExtensionDelegate.swift in Sources */,
				1B6D88341F6E35F50010172F /* InterfaceController.swift in Sources */,
				1B6D88481F6ED0550010172F /* ClockLibrary.swift in Sources */,
			);
			runOnlyForDeploymentPostprocessing = 0;
		};
/* End PBXSourcesBuildPhase section */

/* Begin PBXTargetDependency section */
		1B6D88221F6E35F50010172F /* PBXTargetDependency */ = {
			isa = PBXTargetDependency;
			target = 1B6D881E1F6E35F50010172F /* SingleHandWatch2 WatchKit App */;
			targetProxy = 1B6D88211F6E35F50010172F /* PBXContainerItemProxy */;
		};
		1B6D88311F6E35F50010172F /* PBXTargetDependency */ = {
			isa = PBXTargetDependency;
			target = 1B6D882D1F6E35F50010172F /* SingleHandWatch2 WatchKit Extension */;
			targetProxy = 1B6D88301F6E35F50010172F /* PBXContainerItemProxy */;
		};
/* End PBXTargetDependency section */

/* Begin PBXVariantGroup section */
		1B6D88141F6E35F50010172F /* Main.storyboard */ = {
			isa = PBXVariantGroup;
			children = (
				1B6D88151F6E35F50010172F /* Base */,
			);
			name = Main.storyboard;
			sourceTree = "<group>";
		};
		1B6D88191F6E35F50010172F /* LaunchScreen.storyboard */ = {
			isa = PBXVariantGroup;
			children = (
				1B6D881A1F6E35F50010172F /* Base */,
			);
			name = LaunchScreen.storyboard;
			sourceTree = "<group>";
		};
		1B6D88241F6E35F50010172F /* Interface.storyboard */ = {
			isa = PBXVariantGroup;
			children = (
				1B6D88251F6E35F50010172F /* Base */,
			);
			name = Interface.storyboard;
			sourceTree = "<group>";
		};
/* End PBXVariantGroup section */

/* Begin XCBuildConfiguration section */
		1B6D883A1F6E35F50010172F /* Debug */ = {
			isa = XCBuildConfiguration;
			buildSettings = {
				ALWAYS_SEARCH_USER_PATHS = NO;
				CLANG_ANALYZER_NONNULL = YES;
				CLANG_ANALYZER_NUMBER_OBJECT_CONVERSION = YES_AGGRESSIVE;
				CLANG_CXX_LANGUAGE_STANDARD = "gnu++0x";
				CLANG_CXX_LIBRARY = "libc++";
				CLANG_ENABLE_MODULES = YES;
				CLANG_ENABLE_OBJC_ARC = YES;
				CLANG_WARN_BOOL_CONVERSION = YES;
				CLANG_WARN_CONSTANT_CONVERSION = YES;
				CLANG_WARN_DIRECT_OBJC_ISA_USAGE = YES_ERROR;
				CLANG_WARN_DOCUMENTATION_COMMENTS = YES;
				CLANG_WARN_EMPTY_BODY = YES;
				CLANG_WARN_ENUM_CONVERSION = YES;
				CLANG_WARN_INFINITE_RECURSION = YES;
				CLANG_WARN_INT_CONVERSION = YES;
				CLANG_WARN_OBJC_ROOT_CLASS = YES_ERROR;
				CLANG_WARN_SUSPICIOUS_MOVE = YES;
				CLANG_WARN_UNREACHABLE_CODE = YES;
				CLANG_WARN__DUPLICATE_METHOD_MATCH = YES;
				"CODE_SIGN_IDENTITY[sdk=iphoneos*]" = "iPhone Developer";
				COPY_PHASE_STRIP = NO;
				DEBUG_INFORMATION_FORMAT = dwarf;
				ENABLE_STRICT_OBJC_MSGSEND = YES;
				ENABLE_TESTABILITY = YES;
				GCC_C_LANGUAGE_STANDARD = gnu99;
				GCC_DYNAMIC_NO_PIC = NO;
				GCC_NO_COMMON_BLOCKS = YES;
				GCC_OPTIMIZATION_LEVEL = 0;
				GCC_PREPROCESSOR_DEFINITIONS = (
					"DEBUG=1",
					"$(inherited)",
				);
				GCC_WARN_64_TO_32_BIT_CONVERSION = YES;
				GCC_WARN_ABOUT_RETURN_TYPE = YES_ERROR;
				GCC_WARN_UNDECLARED_SELECTOR = YES;
				GCC_WARN_UNINITIALIZED_AUTOS = YES_AGGRESSIVE;
				GCC_WARN_UNUSED_FUNCTION = YES;
				GCC_WARN_UNUSED_VARIABLE = YES;
				IPHONEOS_DEPLOYMENT_TARGET = 10.3;
				MTL_ENABLE_DEBUG_INFO = YES;
				ONLY_ACTIVE_ARCH = YES;
				SDKROOT = iphoneos;
				SWIFT_ACTIVE_COMPILATION_CONDITIONS = DEBUG;
				SWIFT_OPTIMIZATION_LEVEL = "-Onone";
				TARGETED_DEVICE_FAMILY = "1,2";
			};
			name = Debug;
		};
		1B6D883B1F6E35F50010172F /* Release */ = {
			isa = XCBuildConfiguration;
			buildSettings = {
				ALWAYS_SEARCH_USER_PATHS = NO;
				CLANG_ANALYZER_NONNULL = YES;
				CLANG_ANALYZER_NUMBER_OBJECT_CONVERSION = YES_AGGRESSIVE;
				CLANG_CXX_LANGUAGE_STANDARD = "gnu++0x";
				CLANG_CXX_LIBRARY = "libc++";
				CLANG_ENABLE_MODULES = YES;
				CLANG_ENABLE_OBJC_ARC = YES;
				CLANG_WARN_BOOL_CONVERSION = YES;
				CLANG_WARN_CONSTANT_CONVERSION = YES;
				CLANG_WARN_DIRECT_OBJC_ISA_USAGE = YES_ERROR;
				CLANG_WARN_DOCUMENTATION_COMMENTS = YES;
				CLANG_WARN_EMPTY_BODY = YES;
				CLANG_WARN_ENUM_CONVERSION = YES;
				CLANG_WARN_INFINITE_RECURSION = YES;
				CLANG_WARN_INT_CONVERSION = YES;
				CLANG_WARN_OBJC_ROOT_CLASS = YES_ERROR;
				CLANG_WARN_SUSPICIOUS_MOVE = YES;
				CLANG_WARN_UNREACHABLE_CODE = YES;
				CLANG_WARN__DUPLICATE_METHOD_MATCH = YES;
				"CODE_SIGN_IDENTITY[sdk=iphoneos*]" = "iPhone Developer";
				COPY_PHASE_STRIP = NO;
				DEBUG_INFORMATION_FORMAT = "dwarf-with-dsym";
				ENABLE_NS_ASSERTIONS = NO;
				ENABLE_STRICT_OBJC_MSGSEND = YES;
				GCC_C_LANGUAGE_STANDARD = gnu99;
				GCC_NO_COMMON_BLOCKS = YES;
				GCC_WARN_64_TO_32_BIT_CONVERSION = YES;
				GCC_WARN_ABOUT_RETURN_TYPE = YES_ERROR;
				GCC_WARN_UNDECLARED_SELECTOR = YES;
				GCC_WARN_UNINITIALIZED_AUTOS = YES_AGGRESSIVE;
				GCC_WARN_UNUSED_FUNCTION = YES;
				GCC_WARN_UNUSED_VARIABLE = YES;
				IPHONEOS_DEPLOYMENT_TARGET = 10.3;
				MTL_ENABLE_DEBUG_INFO = NO;
				SDKROOT = iphoneos;
				SWIFT_OPTIMIZATION_LEVEL = "-Owholemodule";
				TARGETED_DEVICE_FAMILY = "1,2";
				VALIDATE_PRODUCT = YES;
			};
			name = Release;
		};
		1B6D883D1F6E35F50010172F /* Debug */ = {
			isa = XCBuildConfiguration;
			buildSettings = {
				ASSETCATALOG_COMPILER_COMPLICATION_NAME = Complication;
				DEVELOPMENT_TEAM = YN9MYSEUK6;
				INFOPLIST_FILE = "SingleHandWatch2 WatchKit Extension/Info.plist";
				LD_RUNPATH_SEARCH_PATHS = "$(inherited) @executable_path/Frameworks @executable_path/../../Frameworks";
				PRODUCT_BUNDLE_IDENTIFIER = net.dipseil.SingleHandWatch2.watchkitapp.watchkitextension;
				PRODUCT_NAME = "${TARGET_NAME}";
				SDKROOT = watchos;
				SKIP_INSTALL = YES;
				SWIFT_VERSION = 3.0;
				TARGETED_DEVICE_FAMILY = 4;
				WATCHOS_DEPLOYMENT_TARGET = 3.2;
			};
			name = Debug;
		};
		1B6D883E1F6E35F50010172F /* Release */ = {
			isa = XCBuildConfiguration;
			buildSettings = {
				ASSETCATALOG_COMPILER_COMPLICATION_NAME = Complication;
				DEVELOPMENT_TEAM = YN9MYSEUK6;
				INFOPLIST_FILE = "SingleHandWatch2 WatchKit Extension/Info.plist";
				LD_RUNPATH_SEARCH_PATHS = "$(inherited) @executable_path/Frameworks @executable_path/../../Frameworks";
				PRODUCT_BUNDLE_IDENTIFIER = net.dipseil.SingleHandWatch2.watchkitapp.watchkitextension;
				PRODUCT_NAME = "${TARGET_NAME}";
				SDKROOT = watchos;
				SKIP_INSTALL = YES;
				SWIFT_VERSION = 3.0;
				TARGETED_DEVICE_FAMILY = 4;
				WATCHOS_DEPLOYMENT_TARGET = 3.2;
			};
			name = Release;
		};
		1B6D88411F6E35F50010172F /* Debug */ = {
			isa = XCBuildConfiguration;
			buildSettings = {
				ALWAYS_EMBED_SWIFT_STANDARD_LIBRARIES = YES;
				ASSETCATALOG_COMPILER_APPICON_NAME = AppIcon;
				DEVELOPMENT_TEAM = YN9MYSEUK6;
				IBSC_MODULE = SingleHandWatch2_WatchKit_Extension;
				INFOPLIST_FILE = "SingleHandWatch2 WatchKit App/Info.plist";
				PRODUCT_BUNDLE_IDENTIFIER = net.dipseil.SingleHandWatch2.watchkitapp;
				PRODUCT_NAME = "$(TARGET_NAME)";
				SDKROOT = watchos;
				SKIP_INSTALL = YES;
				SWIFT_VERSION = 3.0;
				TARGETED_DEVICE_FAMILY = 4;
				WATCHOS_DEPLOYMENT_TARGET = 3.2;
			};
			name = Debug;
		};
		1B6D88421F6E35F50010172F /* Release */ = {
			isa = XCBuildConfiguration;
			buildSettings = {
				ALWAYS_EMBED_SWIFT_STANDARD_LIBRARIES = YES;
				ASSETCATALOG_COMPILER_APPICON_NAME = AppIcon;
				DEVELOPMENT_TEAM = YN9MYSEUK6;
				IBSC_MODULE = SingleHandWatch2_WatchKit_Extension;
				INFOPLIST_FILE = "SingleHandWatch2 WatchKit App/Info.plist";
				PRODUCT_BUNDLE_IDENTIFIER = net.dipseil.SingleHandWatch2.watchkitapp;
				PRODUCT_NAME = "$(TARGET_NAME)";
				SDKROOT = watchos;
				SKIP_INSTALL = YES;
				SWIFT_VERSION = 3.0;
				TARGETED_DEVICE_FAMILY = 4;
				WATCHOS_DEPLOYMENT_TARGET = 3.2;
			};
			name = Release;
		};
		1B6D88451F6E35F50010172F /* Debug */ = {
			isa = XCBuildConfiguration;
			buildSettings = {
				ASSETCATALOG_COMPILER_APPICON_NAME = AppIcon;
				DEVELOPMENT_TEAM = YN9MYSEUK6;
				INFOPLIST_FILE = SingleHandWatch2/Info.plist;
				LD_RUNPATH_SEARCH_PATHS = "$(inherited) @executable_path/Frameworks";
				PRODUCT_BUNDLE_IDENTIFIER = net.dipseil.SingleHandWatch2;
				PRODUCT_NAME = "$(TARGET_NAME)";
				SWIFT_VERSION = 3.0;
			};
			name = Debug;
		};
		1B6D88461F6E35F50010172F /* Release */ = {
			isa = XCBuildConfiguration;
			buildSettings = {
				ASSETCATALOG_COMPILER_APPICON_NAME = AppIcon;
				DEVELOPMENT_TEAM = YN9MYSEUK6;
				INFOPLIST_FILE = SingleHandWatch2/Info.plist;
				LD_RUNPATH_SEARCH_PATHS = "$(inherited) @executable_path/Frameworks";
				PRODUCT_BUNDLE_IDENTIFIER = net.dipseil.SingleHandWatch2;
				PRODUCT_NAME = "$(TARGET_NAME)";
				SWIFT_VERSION = 3.0;
			};
			name = Release;
		};
/* End XCBuildConfiguration section */

/* Begin XCConfigurationList section */
		1B6D88081F6E35F40010172F /* Build configuration list for PBXProject "SingleHandWatch2" */ = {
			isa = XCConfigurationList;
			buildConfigurations = (
				1B6D883A1F6E35F50010172F /* Debug */,
				1B6D883B1F6E35F50010172F /* Release */,
			);
			defaultConfigurationIsVisible = 0;
			defaultConfigurationName = Release;
		};
		1B6D883C1F6E35F50010172F /* Build configuration list for PBXNativeTarget "SingleHandWatch2 WatchKit Extension" */ = {
			isa = XCConfigurationList;
			buildConfigurations = (
				1B6D883D1F6E35F50010172F /* Debug */,
				1B6D883E1F6E35F50010172F /* Release */,
			);
			defaultConfigurationIsVisible = 0;
		};
		1B6D88401F6E35F50010172F /* Build configuration list for PBXNativeTarget "SingleHandWatch2 WatchKit App" */ = {
			isa = XCConfigurationList;
			buildConfigurations = (
				1B6D88411F6E35F50010172F /* Debug */,
				1B6D88421F6E35F50010172F /* Release */,
			);
			defaultConfigurationIsVisible = 0;
		};
		1B6D88441F6E35F50010172F /* Build configuration list for PBXNativeTarget "SingleHandWatch2" */ = {
			isa = XCConfigurationList;
			buildConfigurations = (
				1B6D88451F6E35F50010172F /* Debug */,
				1B6D88461F6E35F50010172F /* Release */,
			);
			defaultConfigurationIsVisible = 0;
		};
/* End XCConfigurationList section */
	};
	rootObject = 1B6D88051F6E35F40010172F /* Project object */;
}
